
Microsoft Visual Studio Solution File, Format Version 12.00
# Visual Studio 2013
VisualStudioVersion = 12.0.31101.0
MinimumVisualStudioVersion = 10.0.40219.1
Project("{8BC9CEB8-8B4A-11D0-8D11-00A0C91BC942}") = "libprotobuf", "libprotobuf.vcxproj", "{3E283F37-A4ED-41B7-A3E6-A2D89D131A30}"
EndProject
Project("{8BC9CEB8-8B4A-11D0-8D11-00A0C91BC942}") = "libprotoc", "libprotoc.vcxproj", "{B84FF31A-5F9A-46F8-AB22-DBFC9BECE3BE}"
EndProject
Project("{8BC9CEB8-8B4A-11D0-8D11-00A0C91BC942}") = "protoc", "protoc.vcxproj", "{1738D5F6-ED1E-47E0-B2F0-456864B93C1E}"
EndProject
Project("{8BC9CEB8-8B4A-11D0-8D11-00A0C91BC942}") = "libprotobuf-lite", "libprotobuf-lite.vcxproj", "{49EA010D-706F-4BE2-A397-77854B72A040}"
EndProject
Global
	GlobalSection(SolutionConfigurationPlatforms) = preSolution
		DebugDynamicRuntime|Win32 = DebugDynamicRuntime|Win32
		DebugDynamicRuntime|x64 = DebugDynamicRuntime|x64
		DebugStaticRuntime|Win32 = DebugStaticRuntime|Win32
		DebugStaticRuntime|x64 = DebugStaticRuntime|x64
		ReleaseDynamicRuntime|Win32 = ReleaseDynamicRuntime|Win32
		ReleaseDynamicRuntime|x64 = ReleaseDynamicRuntime|x64
		ReleaseStaticRuntime|Win32 = ReleaseStaticRuntime|Win32
		ReleaseStaticRuntime|x64 = ReleaseStaticRuntime|x64
	EndGlobalSection
	GlobalSection(ProjectConfigurationPlatforms) = postSolution
		{3E283F37-A4ED-41B7-A3E6-A2D89D131A30}.DebugDynamicRuntime|Win32.ActiveCfg = DebugDynamicRuntime|Win32
		{3E283F37-A4ED-41B7-A3E6-A2D89D131A30}.DebugDynamicRuntime|Win32.Build.0 = DebugDynamicRuntime|Win32
		{3E283F37-A4ED-41B7-A3E6-A2D89D131A30}.DebugDynamicRuntime|x64.ActiveCfg = DebugDynamicRuntime|x64
		{3E283F37-A4ED-41B7-A3E6-A2D89D131A30}.DebugDynamicRuntime|x64.Build.0 = DebugDynamicRuntime|x64
		{3E283F37-A4ED-41B7-A3E6-A2D89D131A30}.DebugStaticRuntime|Win32.ActiveCfg = DebugStaticRuntime|Win32
		{3E283F37-A4ED-41B7-A3E6-A2D89D131A30}.DebugStaticRuntime|Win32.Build.0 = DebugStaticRuntime|Win32
		{3E283F37-A4ED-41B7-A3E6-A2D89D131A30}.DebugStaticRuntime|x64.ActiveCfg = DebugStaticRuntime|x64
		{3E283F37-A4ED-41B7-A3E6-A2D89D131A30}.DebugStaticRuntime|x64.Build.0 = DebugStaticRuntime|x64
		{3E283F37-A4ED-41B7-A3E6-A2D89D131A30}.ReleaseDynamicRuntime|Win32.ActiveCfg = ReleaseDynamicRuntime|Win32
		{3E283F37-A4ED-41B7-A3E6-A2D89D131A30}.ReleaseDynamicRuntime|Win32.Build.0 = ReleaseDynamicRuntime|Win32
		{3E283F37-A4ED-41B7-A3E6-A2D89D131A30}.ReleaseDynamicRuntime|x64.ActiveCfg = ReleaseDynamicRuntime|x64
		{3E283F37-A4ED-41B7-A3E6-A2D89D131A30}.ReleaseDynamicRuntime|x64.Build.0 = ReleaseDynamicRuntime|x64
		{3E283F37-A4ED-41B7-A3E6-A2D89D131A30}.ReleaseStaticRuntime|Win32.ActiveCfg = ReleaseStaticRuntime|Win32
		{3E283F37-A4ED-41B7-A3E6-A2D89D131A30}.ReleaseStaticRuntime|Win32.Build.0 = ReleaseStaticRuntime|Win32
		{3E283F37-A4ED-41B7-A3E6-A2D89D131A30}.ReleaseStaticRuntime|x64.ActiveCfg = ReleaseStaticRuntime|x64
		{3E283F37-A4ED-41B7-A3E6-A2D89D131A30}.ReleaseStaticRuntime|x64.Build.0 = ReleaseStaticRuntime|x64
		{B84FF31A-5F9A-46F8-AB22-DBFC9BECE3BE}.DebugDynamicRuntime|Win32.ActiveCfg = DebugDynamicRuntime|Win32
		{B84FF31A-5F9A-46F8-AB22-DBFC9BECE3BE}.DebugDynamicRuntime|Win32.Build.0 = DebugDynamicRuntime|Win32
		{B84FF31A-5F9A-46F8-AB22-DBFC9BECE3BE}.DebugDynamicRuntime|x64.ActiveCfg = DebugDynamicRuntime|x64
		{B84FF31A-5F9A-46F8-AB22-DBFC9BECE3BE}.DebugDynamicRuntime|x64.Build.0 = DebugDynamicRuntime|x64
		{B84FF31A-5F9A-46F8-AB22-DBFC9BECE3BE}.DebugStaticRuntime|Win32.ActiveCfg = DebugStaticRuntime|Win32
		{B84FF31A-5F9A-46F8-AB22-DBFC9BECE3BE}.DebugStaticRuntime|Win32.Build.0 = DebugStaticRuntime|Win32
		{B84FF31A-5F9A-46F8-AB22-DBFC9BECE3BE}.DebugStaticRuntime|x64.ActiveCfg = DebugStaticRuntime|x64
		{B84FF31A-5F9A-46F8-AB22-DBFC9BECE3BE}.DebugStaticRuntime|x64.Build.0 = DebugStaticRuntime|x64
		{B84FF31A-5F9A-46F8-AB22-DBFC9BECE3BE}.ReleaseDynamicRuntime|Win32.ActiveCfg = ReleaseDynamicRuntime|Win32
		{B84FF31A-5F9A-46F8-AB22-DBFC9BECE3BE}.ReleaseDynamicRuntime|Win32.Build.0 = ReleaseDynamicRuntime|Win32
		{B84FF31A-5F9A-46F8-AB22-DBFC9BECE3BE}.ReleaseDynamicRuntime|x64.ActiveCfg = ReleaseDynamicRuntime|x64
		{B84FF31A-5F9A-46F8-AB22-DBFC9BECE3BE}.ReleaseDynamicRuntime|x64.Build.0 = ReleaseDynamicRuntime|x64
		{B84FF31A-5F9A-46F8-AB22-DBFC9BECE3BE}.ReleaseStaticRuntime|Win32.ActiveCfg = ReleaseStaticRuntime|Win32
		{B84FF31A-5F9A-46F8-AB22-DBFC9BECE3BE}.ReleaseStaticRuntime|Win32.Build.0 = ReleaseStaticRuntime|Win32
		{B84FF31A-5F9A-46F8-AB22-DBFC9BECE3BE}.ReleaseStaticRuntime|x64.ActiveCfg = ReleaseStaticRuntime|x64
		{B84FF31A-5F9A-46F8-AB22-DBFC9BECE3BE}.ReleaseStaticRuntime|x64.Build.0 = ReleaseStaticRuntime|x64
		{1738D5F6-ED1E-47E0-B2F0-456864B93C1E}.DebugDynamicRuntime|Win32.ActiveCfg = DebugDynamicRuntime|Win32
		{1738D5F6-ED1E-47E0-B2F0-456864B93C1E}.DebugDynamicRuntime|Win32.Build.0 = DebugDynamicRuntime|Win32
		{1738D5F6-ED1E-47E0-B2F0-456864B93C1E}.DebugDynamicRuntime|x64.ActiveCfg = DebugDynamicRuntime|x64
		{1738D5F6-ED1E-47E0-B2F0-456864B93C1E}.DebugDynamicRuntime|x64.Build.0 = DebugDynamicRuntime|x64
		{1738D5F6-ED1E-47E0-B2F0-456864B93C1E}.DebugStaticRuntime|Win32.ActiveCfg = DebugStaticRuntime|Win32
		{1738D5F6-ED1E-47E0-B2F0-456864B93C1E}.DebugStaticRuntime|Win32.Build.0 = DebugStaticRuntime|Win32
		{1738D5F6-ED1E-47E0-B2F0-456864B93C1E}.DebugStaticRuntime|x64.ActiveCfg = DebugStaticRuntime|x64
		{1738D5F6-ED1E-47E0-B2F0-456864B93C1E}.DebugStaticRuntime|x64.Build.0 = DebugStaticRuntime|x64
		{1738D5F6-ED1E-47E0-B2F0-456864B93C1E}.ReleaseDynamicRuntime|Win32.ActiveCfg = ReleaseDynamicRuntime|Win32
		{1738D5F6-ED1E-47E0-B2F0-456864B93C1E}.ReleaseDynamicRuntime|Win32.Build.0 = ReleaseDynamicRuntime|Win32
		{1738D5F6-ED1E-47E0-B2F0-456864B93C1E}.ReleaseDynamicRuntime|x64.ActiveCfg = ReleaseDynamicRuntime|x64
		{1738D5F6-ED1E-47E0-B2F0-456864B93C1E}.ReleaseDynamicRuntime|x64.Build.0 = ReleaseDynamicRuntime|x64
		{1738D5F6-ED1E-47E0-B2F0-456864B93C1E}.ReleaseStaticRuntime|Win32.ActiveCfg = ReleaseStaticRuntime|Win32
		{1738D5F6-ED1E-47E0-B2F0-456864B93C1E}.ReleaseStaticRuntime|Win32.Build.0 = ReleaseStaticRuntime|Win32
		{1738D5F6-ED1E-47E0-B2F0-456864B93C1E}.ReleaseStaticRuntime|x64.ActiveCfg = ReleaseStaticRuntime|x64
		{1738D5F6-ED1E-47E0-B2F0-456864B93C1E}.ReleaseStaticRuntime|x64.Build.0 = ReleaseStaticRuntime|x64
		{49EA010D-706F-4BE2-A397-77854B72A040}.DebugDynamicRuntime|Win32.ActiveCfg = DebugDynamicRuntime|Win32
		{49EA010D-706F-4BE2-A397-77854B72A040}.DebugDynamicRuntime|Win32.Build.0 = DebugDynamicRuntime|Win32
		{49EA010D-706F-4BE2-A397-77854B72A040}.DebugDynamicRuntime|x64.ActiveCfg = DebugDynamicRuntime|x64
		{49EA010D-706F-4BE2-A397-77854B72A040}.DebugDynamicRuntime|x64.Build.0 = DebugDynamicRuntime|x64
		{49EA010D-706F-4BE2-A397-77854B72A040}.DebugStaticRuntime|Win32.ActiveCfg = DebugStaticRuntime|Win32
		{49EA010D-706F-4BE2-A397-77854B72A040}.DebugStaticRuntime|Win32.Build.0 = DebugStaticRuntime|Win32
		{49EA010D-706F-4BE2-A397-77854B72A040}.DebugStaticRuntime|x64.ActiveCfg = DebugStaticRuntime|x64
		{49EA010D-706F-4BE2-A397-77854B72A040}.DebugStaticRuntime|x64.Build.0 = DebugStaticRuntime|x64
		{49EA010D-706F-4BE2-A397-77854B72A040}.ReleaseDynamicRuntime|Win32.ActiveCfg = ReleaseDynamicRuntime|Win32
		{49EA010D-706F-4BE2-A397-77854B72A040}.ReleaseDynamicRuntime|Win32.Build.0 = ReleaseDynamicRuntime|Win32
		{49EA010D-706F-4BE2-A397-77854B72A040}.ReleaseDynamicRuntime|x64.ActiveCfg = ReleaseDynamicRuntime|x64
		{49EA010D-706F-4BE2-A397-77854B72A040}.ReleaseDynamicRuntime|x64.Build.0 = ReleaseDynamicRuntime|x64
		{49EA010D-706F-4BE2-A397-77854B72A040}.ReleaseStaticRuntime|Win32.ActiveCfg = ReleaseStaticRuntime|Win32
		{49EA010D-706F-4BE2-A397-77854B72A040}.ReleaseStaticRuntime|Win32.Build.0 = ReleaseStaticRuntime|Win32
		{49EA010D-706F-4BE2-A397-77854B72A040}.ReleaseStaticRuntime|x64.ActiveCfg = ReleaseStaticRuntime|x64
		{49EA010D-706F-4BE2-A397-77854B72A040}.ReleaseStaticRuntime|x64.Build.0 = ReleaseStaticRuntime|x64
	EndGlobalSection
	GlobalSection(SolutionProperties) = preSolution
		HideSolutionNode = FALSE
	EndGlobalSection
EndGlobal
